
Microsoft Visual Studio Solution File, Format Version 12.00
# Visual Studio 14
VisualStudioVersion = 14.0.24720.0
MinimumVisualStudioVersion = 10.0.40219.1
Project("{FAE04EC0-301F-11D3-BF4B-00C04F79EFBC}") = "allo", "allo\allo.csproj", "{240E3F38-73BF-47CC-8413-FD6201F73481}"
EndProject
Global
	GlobalSection(SolutionConfigurationPlatforms) = preSolution
		Debug|Any CPU = Debug|Any CPU
		Release|Any CPU = Release|Any CPU
	EndGlobalSection
	GlobalSection(ProjectConfigurationPlatforms) = postSolution
		{240E3F38-73BF-47CC-8413-FD6201F73481}.Debug|Any CPU.ActiveCfg = Debug|Any CPU
		{240E3F38-73BF-47CC-8413-FD6201F73481}.Debug|Any CPU.Build.0 = Debug|Any CPU
		{240E3F38-73BF-47CC-8413-FD6201F73481}.Release|Any CPU.ActiveCfg = Release|Any CPU
		{240E3F38-73BF-47CC-8413-FD6201F73481}.Release|Any CPU.Build.0 = Release|Any CPU
	EndGlobalSection
	GlobalSection(SolutionProperties) = preSolution
		HideSolutionNode = FALSE
	EndGlobalSection
EndGlobal
